// !$*UTF8*$!
{
	archiveVersion = 1;
	classes = {
	};
	objectVersion = 51;
	objects = {

/* Begin PBXBuildFile section */
		2831940D27B3D8E500FE58F8 /* AppDelegate.swift in Sources */ = {isa = PBXBuildFile; fileRef = 2831940C27B3D8E500FE58F8 /* AppDelegate.swift */; };
		2831940F27B3D8E500FE58F8 /* SceneDelegate.swift in Sources */ = {isa = PBXBuildFile; fileRef = 2831940E27B3D8E500FE58F8 /* SceneDelegate.swift */; };
		2831941427B3D8E500FE58F8 /* Main.storyboard in Resources */ = {isa = PBXBuildFile; fileRef = 2831941227B3D8E500FE58F8 /* Main.storyboard */; };
		2831941727B3D8E500FE58F8 /* Social_App.xcdatamodeld in Sources */ = {isa = PBXBuildFile; fileRef = 2831941527B3D8E500FE58F8 /* Social_App.xcdatamodeld */; };
		2831941927B3D8E600FE58F8 /* Assets.xcassets in Resources */ = {isa = PBXBuildFile; fileRef = 2831941827B3D8E600FE58F8 /* Assets.xcassets */; };
		2831941C27B3D8E600FE58F8 /* LaunchScreen.storyboard in Resources */ = {isa = PBXBuildFile; fileRef = 2831941A27B3D8E600FE58F8 /* LaunchScreen.storyboard */; };
		2831943027B3DDB200FE58F8 /* HomeViewController.swift in Sources */ = {isa = PBXBuildFile; fileRef = 2831942F27B3DDB200FE58F8 /* HomeViewController.swift */; };
		2831943A27B3DF1700FE58F8 /* CameraViewController.swift in Sources */ = {isa = PBXBuildFile; fileRef = 2831943927B3DF1700FE58F8 /* CameraViewController.swift */; };
		2831943D27B3DF2500FE58F8 /* ExploreViewController.swift in Sources */ = {isa = PBXBuildFile; fileRef = 2831943C27B3DF2500FE58F8 /* ExploreViewController.swift */; };
		2831944027B3DF2E00FE58F8 /* ProfileViewController.swift in Sources */ = {isa = PBXBuildFile; fileRef = 2831943F27B3DF2E00FE58F8 /* ProfileViewController.swift */; };
		2831944327B3DF3D00FE58F8 /* NotificationViewController.swift in Sources */ = {isa = PBXBuildFile; fileRef = 2831944227B3DF3D00FE58F8 /* NotificationViewController.swift */; };
		286445E727B542A500D4C537 /* Pods_Social_App.framework in Frameworks */ = {isa = PBXBuildFile; fileRef = DACDF018EEA9A12466DDD4E3 /* Pods_Social_App.framework */; };
		286445E827B542A500D4C537 /* Pods_Social_App.framework in Embed Frameworks */ = {isa = PBXBuildFile; fileRef = DACDF018EEA9A12466DDD4E3 /* Pods_Social_App.framework */; settings = {ATTRIBUTES = (CodeSignOnCopy, RemoveHeadersOnCopy, ); }; };
		2864462327B574A500D4C537 /* RegistrationViewController.swift in Sources */ = {isa = PBXBuildFile; fileRef = 2864462227B574A500D4C537 /* RegistrationViewController.swift */; };
		2864462527B57CC300D4C537 /* ContainerTabBarViewController.swift in Sources */ = {isa = PBXBuildFile; fileRef = 2864462427B57CC300D4C537 /* ContainerTabBarViewController.swift */; };
		2864462727B580A000D4C537 /* AuthManager.swift in Sources */ = {isa = PBXBuildFile; fileRef = 2864462627B580A000D4C537 /* AuthManager.swift */; };
		28C1872927B4326900A2AFA9 /* LoginViewController.swift in Sources */ = {isa = PBXBuildFile; fileRef = 28C1872827B4326900A2AFA9 /* LoginViewController.swift */; };
		28D4BA1727B4034700F521A6 /* GoogleService-Info.plist in Resources */ = {isa = PBXBuildFile; fileRef = 28D4BA1627B4034700F521A6 /* GoogleService-Info.plist */; };
/* End PBXBuildFile section */

/* Begin PBXCopyFilesBuildPhase section */
		286445E927B542A500D4C537 /* Embed Frameworks */ = {
			isa = PBXCopyFilesBuildPhase;
			buildActionMask = 2147483647;
			dstPath = "";
			dstSubfolderSpec = 10;
			files = (
				286445E827B542A500D4C537 /* Pods_Social_App.framework in Embed Frameworks */,
			);
			name = "Embed Frameworks";
			runOnlyForDeploymentPostprocessing = 0;
		};
/* End PBXCopyFilesBuildPhase section */

/* Begin PBXFileReference section */
		2831940927B3D8E500FE58F8 /* Social_App.app */ = {isa = PBXFileReference; explicitFileType = wrapper.application; includeInIndex = 0; path = Social_App.app; sourceTree = BUILT_PRODUCTS_DIR; };
		2831940C27B3D8E500FE58F8 /* AppDelegate.swift */ = {isa = PBXFileReference; lastKnownFileType = sourcecode.swift; path = AppDelegate.swift; sourceTree = "<group>"; };
		2831940E27B3D8E500FE58F8 /* SceneDelegate.swift */ = {isa = PBXFileReference; lastKnownFileType = sourcecode.swift; path = SceneDelegate.swift; sourceTree = "<group>"; };
		2831941327B3D8E500FE58F8 /* Base */ = {isa = PBXFileReference; lastKnownFileType = file.storyboard; name = Base; path = Base.lproj/Main.storyboard; sourceTree = "<group>"; };
		2831941627B3D8E500FE58F8 /* Social_App.xcdatamodel */ = {isa = PBXFileReference; lastKnownFileType = wrapper.xcdatamodel; path = Social_App.xcdatamodel; sourceTree = "<group>"; };
		2831941827B3D8E600FE58F8 /* Assets.xcassets */ = {isa = PBXFileReference; lastKnownFileType = folder.assetcatalog; path = Assets.xcassets; sourceTree = "<group>"; };
		2831941B27B3D8E600FE58F8 /* Base */ = {isa = PBXFileReference; lastKnownFileType = file.storyboard; name = Base; path = Base.lproj/LaunchScreen.storyboard; sourceTree = "<group>"; };
		2831941D27B3D8E600FE58F8 /* Info.plist */ = {isa = PBXFileReference; lastKnownFileType = text.plist.xml; path = Info.plist; sourceTree = "<group>"; };
		2831942F27B3DDB200FE58F8 /* HomeViewController.swift */ = {isa = PBXFileReference; lastKnownFileType = sourcecode.swift; path = HomeViewController.swift; sourceTree = "<group>"; };
		2831943927B3DF1700FE58F8 /* CameraViewController.swift */ = {isa = PBXFileReference; lastKnownFileType = sourcecode.swift; path = CameraViewController.swift; sourceTree = "<group>"; };
		2831943C27B3DF2500FE58F8 /* ExploreViewController.swift */ = {isa = PBXFileReference; lastKnownFileType = sourcecode.swift; path = ExploreViewController.swift; sourceTree = "<group>"; };
		2831943F27B3DF2E00FE58F8 /* ProfileViewController.swift */ = {isa = PBXFileReference; lastKnownFileType = sourcecode.swift; path = ProfileViewController.swift; sourceTree = "<group>"; };
		2831944227B3DF3D00FE58F8 /* NotificationViewController.swift */ = {isa = PBXFileReference; lastKnownFileType = sourcecode.swift; path = NotificationViewController.swift; sourceTree = "<group>"; };
		2864462227B574A500D4C537 /* RegistrationViewController.swift */ = {isa = PBXFileReference; lastKnownFileType = sourcecode.swift; path = RegistrationViewController.swift; sourceTree = "<group>"; };
		2864462427B57CC300D4C537 /* ContainerTabBarViewController.swift */ = {isa = PBXFileReference; lastKnownFileType = sourcecode.swift; path = ContainerTabBarViewController.swift; sourceTree = "<group>"; };
		2864462627B580A000D4C537 /* AuthManager.swift */ = {isa = PBXFileReference; lastKnownFileType = sourcecode.swift; path = AuthManager.swift; sourceTree = "<group>"; };
		28C1872827B4326900A2AFA9 /* LoginViewController.swift */ = {isa = PBXFileReference; lastKnownFileType = sourcecode.swift; path = LoginViewController.swift; sourceTree = "<group>"; };
		28D4BA1627B4034700F521A6 /* GoogleService-Info.plist */ = {isa = PBXFileReference; fileEncoding = 4; lastKnownFileType = text.plist.xml; path = "GoogleService-Info.plist"; sourceTree = "<group>"; };
		401E1D619233F7CB891B1E78 /* Pods-Social_App.release.xcconfig */ = {isa = PBXFileReference; includeInIndex = 1; lastKnownFileType = text.xcconfig; name = "Pods-Social_App.release.xcconfig"; path = "Target Support Files/Pods-Social_App/Pods-Social_App.release.xcconfig"; sourceTree = "<group>"; };
		7757E3067464D57775CE5E44 /* Pods-Social_App.debug.xcconfig */ = {isa = PBXFileReference; includeInIndex = 1; lastKnownFileType = text.xcconfig; name = "Pods-Social_App.debug.xcconfig"; path = "Target Support Files/Pods-Social_App/Pods-Social_App.debug.xcconfig"; sourceTree = "<group>"; };
		DACDF018EEA9A12466DDD4E3 /* Pods_Social_App.framework */ = {isa = PBXFileReference; explicitFileType = wrapper.framework; includeInIndex = 0; path = Pods_Social_App.framework; sourceTree = BUILT_PRODUCTS_DIR; };
/* End PBXFileReference section */

/* Begin PBXFrameworksBuildPhase section */
		2831940627B3D8E500FE58F8 /* Frameworks */ = {
			isa = PBXFrameworksBuildPhase;
			buildActionMask = 2147483647;
			files = (
				286445E727B542A500D4C537 /* Pods_Social_App.framework in Frameworks */,
			);
			runOnlyForDeploymentPostprocessing = 0;
		};
/* End PBXFrameworksBuildPhase section */

/* Begin PBXGroup section */
		2831940027B3D8E500FE58F8 = {
			isa = PBXGroup;
			children = (
				2831940B27B3D8E500FE58F8 /* Social_App */,
				2831940A27B3D8E500FE58F8 /* Products */,
				C146E96897C25C8D1AFA711C /* Pods */,
				FD0DEB3FD4F96D886BD93ADE /* Frameworks */,
			);
			sourceTree = "<group>";
		};
		2831940A27B3D8E500FE58F8 /* Products */ = {
			isa = PBXGroup;
			children = (
				2831940927B3D8E500FE58F8 /* Social_App.app */,
			);
			name = Products;
			sourceTree = "<group>";
		};
		2831940B27B3D8E500FE58F8 /* Social_App */ = {
			isa = PBXGroup;
			children = (
				2831942D27B3DC1800FE58F8 /* Resources */,
				2831942B27B3DBEA00FE58F8 /* Views */,
				2831942A27B3DBE300FE58F8 /* Storyboard */,
				2831942927B3DBDC00FE58F8 /* Controllers */,
				2831942827B3DBB500FE58F8 /* Models */,
				2831941D27B3D8E600FE58F8 /* Info.plist */,
				2831941527B3D8E500FE58F8 /* Social_App.xcdatamodeld */,
			);
			path = Social_App;
			sourceTree = "<group>";
		};
		2831942827B3DBB500FE58F8 /* Models */ = {
			isa = PBXGroup;
			children = (
			);
			path = Models;
			sourceTree = "<group>";
		};
		2831942927B3DBDC00FE58F8 /* Controllers */ = {
			isa = PBXGroup;
			children = (
				2831942F27B3DDB200FE58F8 /* HomeViewController.swift */,
				2864462427B57CC300D4C537 /* ContainerTabBarViewController.swift */,
				28C1872827B4326900A2AFA9 /* LoginViewController.swift */,
				2864462227B574A500D4C537 /* RegistrationViewController.swift */,
				2831943927B3DF1700FE58F8 /* CameraViewController.swift */,
				2831943C27B3DF2500FE58F8 /* ExploreViewController.swift */,
				2831943F27B3DF2E00FE58F8 /* ProfileViewController.swift */,
				2831944227B3DF3D00FE58F8 /* NotificationViewController.swift */,
			);
			path = Controllers;
			sourceTree = "<group>";
		};
		2831942A27B3DBE300FE58F8 /* Storyboard */ = {
			isa = PBXGroup;
			children = (
				2831941A27B3D8E600FE58F8 /* LaunchScreen.storyboard */,
				2831941227B3D8E500FE58F8 /* Main.storyboard */,
			);
			path = Storyboard;
			sourceTree = "<group>";
		};
		2831942B27B3DBEA00FE58F8 /* Views */ = {
			isa = PBXGroup;
			children = (
				2831941827B3D8E600FE58F8 /* Assets.xcassets */,
			);
			path = Views;
			sourceTree = "<group>";
		};
		2831942D27B3DC1800FE58F8 /* Resources */ = {
			isa = PBXGroup;
			children = (
				28D4BA1627B4034700F521A6 /* GoogleService-Info.plist */,
				2831940C27B3D8E500FE58F8 /* AppDelegate.swift */,
				2831940E27B3D8E500FE58F8 /* SceneDelegate.swift */,
				2864462627B580A000D4C537 /* AuthManager.swift */,
			);
			path = Resources;
			sourceTree = "<group>";
		};
		C146E96897C25C8D1AFA711C /* Pods */ = {
			isa = PBXGroup;
			children = (
				7757E3067464D57775CE5E44 /* Pods-Social_App.debug.xcconfig */,
				401E1D619233F7CB891B1E78 /* Pods-Social_App.release.xcconfig */,
			);
			path = Pods;
			sourceTree = "<group>";
		};
		FD0DEB3FD4F96D886BD93ADE /* Frameworks */ = {
			isa = PBXGroup;
			children = (
				DACDF018EEA9A12466DDD4E3 /* Pods_Social_App.framework */,
			);
			name = Frameworks;
			sourceTree = "<group>";
		};
/* End PBXGroup section */

/* Begin PBXNativeTarget section */
		2831940827B3D8E500FE58F8 /* Social_App */ = {
			isa = PBXNativeTarget;
			buildConfigurationList = 2831942027B3D8E600FE58F8 /* Build configuration list for PBXNativeTarget "Social_App" */;
			buildPhases = (
				ADAD148523F19BA19BA4ABB7 /* [CP] Check Pods Manifest.lock */,
				2831940527B3D8E500FE58F8 /* Sources */,
				2831940627B3D8E500FE58F8 /* Frameworks */,
				2831940727B3D8E500FE58F8 /* Resources */,
				391EA13C7B1315CB5B25EA8D /* [CP] Embed Pods Frameworks */,
				286445E927B542A500D4C537 /* Embed Frameworks */,
			);
			buildRules = (
			);
			dependencies = (
			);
			name = Social_App;
			productName = Social_App;
			productReference = 2831940927B3D8E500FE58F8 /* Social_App.app */;
			productType = "com.apple.product-type.application";
		};
/* End PBXNativeTarget section */

/* Begin PBXProject section */
		2831940127B3D8E500FE58F8 /* Project object */ = {
			isa = PBXProject;
			attributes = {
				LastSwiftUpdateCheck = 1240;
				LastUpgradeCheck = 1240;
				TargetAttributes = {
					2831940827B3D8E500FE58F8 = {
						CreatedOnToolsVersion = 12.4;
					};
				};
			};
			buildConfigurationList = 2831940427B3D8E500FE58F8 /* Build configuration list for PBXProject "Social_App" */;
			compatibilityVersion = "Xcode 9.3";
			developmentRegion = en;
			hasScannedForEncodings = 0;
			knownRegions = (
				en,
				Base,
			);
			mainGroup = 2831940027B3D8E500FE58F8;
			productRefGroup = 2831940A27B3D8E500FE58F8 /* Products */;
			projectDirPath = "";
			projectRoot = "";
			targets = (
				2831940827B3D8E500FE58F8 /* Social_App */,
			);
		};
/* End PBXProject section */

/* Begin PBXResourcesBuildPhase section */
		2831940727B3D8E500FE58F8 /* Resources */ = {
			isa = PBXResourcesBuildPhase;
			buildActionMask = 2147483647;
			files = (
				2831941C27B3D8E600FE58F8 /* LaunchScreen.storyboard in Resources */,
				28D4BA1727B4034700F521A6 /* GoogleService-Info.plist in Resources */,
				2831941927B3D8E600FE58F8 /* Assets.xcassets in Resources */,
				2831941427B3D8E500FE58F8 /* Main.storyboard in Resources */,
			);
			runOnlyForDeploymentPostprocessing = 0;
		};
/* End PBXResourcesBuildPhase section */

/* Begin PBXShellScriptBuildPhase section */
		391EA13C7B1315CB5B25EA8D /* [CP] Embed Pods Frameworks */ = {
			isa = PBXShellScriptBuildPhase;
			buildActionMask = 2147483647;
			files = (
			);
			inputFileListPaths = (
				"${PODS_ROOT}/Target Support Files/Pods-Social_App/Pods-Social_App-frameworks-${CONFIGURATION}-input-files.xcfilelist",
			);
			name = "[CP] Embed Pods Frameworks";
			outputFileListPaths = (
				"${PODS_ROOT}/Target Support Files/Pods-Social_App/Pods-Social_App-frameworks-${CONFIGURATION}-output-files.xcfilelist",
			);
			runOnlyForDeploymentPostprocessing = 0;
			shellPath = /bin/sh;
			shellScript = "\"${PODS_ROOT}/Target Support Files/Pods-Social_App/Pods-Social_App-frameworks.sh\"\n";
			showEnvVarsInLog = 0;
		};
		ADAD148523F19BA19BA4ABB7 /* [CP] Check Pods Manifest.lock */ = {
			isa = PBXShellScriptBuildPhase;
			buildActionMask = 2147483647;
			files = (
			);
			inputFileListPaths = (
			);
			inputPaths = (
				"${PODS_PODFILE_DIR_PATH}/Podfile.lock",
				"${PODS_ROOT}/Manifest.lock",
			);
			name = "[CP] Check Pods Manifest.lock";
			outputFileListPaths = (
			);
			outputPaths = (
				"$(DERIVED_FILE_DIR)/Pods-Social_App-checkManifestLockResult.txt",
			);
			runOnlyForDeploymentPostprocessing = 0;
			shellPath = /bin/sh;
			shellScript = "diff \"${PODS_PODFILE_DIR_PATH}/Podfile.lock\" \"${PODS_ROOT}/Manifest.lock\" > /dev/null\nif [ $? != 0 ] ; then\n    # print error to STDERR\n    echo \"error: The sandbox is not in sync with the Podfile.lock. Run 'pod install' or update your CocoaPods installation.\" >&2\n    exit 1\nfi\n# This output is used by Xcode 'outputs' to avoid re-running this script phase.\necho \"SUCCESS\" > \"${SCRIPT_OUTPUT_FILE_0}\"\n";
			showEnvVarsInLog = 0;
		};
/* End PBXShellScriptBuildPhase section */

/* Begin PBXSourcesBuildPhase section */
		2831940527B3D8E500FE58F8 /* Sources */ = {
			isa = PBXSourcesBuildPhase;
			buildActionMask = 2147483647;
			files = (
				28C1872927B4326900A2AFA9 /* LoginViewController.swift in Sources */,
				2864462727B580A000D4C537 /* AuthManager.swift in Sources */,
				2831940D27B3D8E500FE58F8 /* AppDelegate.swift in Sources */,
				2831943A27B3DF1700FE58F8 /* CameraViewController.swift in Sources */,
				2831944327B3DF3D00FE58F8 /* NotificationViewController.swift in Sources */,
				2864462327B574A500D4C537 /* RegistrationViewController.swift in Sources */,
				2864462527B57CC300D4C537 /* ContainerTabBarViewController.swift in Sources */,
				2831943D27B3DF2500FE58F8 /* ExploreViewController.swift in Sources */,
				2831941727B3D8E500FE58F8 /* Social_App.xcdatamodeld in Sources */,
				2831944027B3DF2E00FE58F8 /* ProfileViewController.swift in Sources */,
				2831940F27B3D8E500FE58F8 /* SceneDelegate.swift in Sources */,
				2831943027B3DDB200FE58F8 /* HomeViewController.swift in Sources */,
			);
			runOnlyForDeploymentPostprocessing = 0;
		};
/* End PBXSourcesBuildPhase section */

/* Begin PBXVariantGroup section */
		2831941227B3D8E500FE58F8 /* Main.storyboard */ = {
			isa = PBXVariantGroup;
			children = (
				2831941327B3D8E500FE58F8 /* Base */,
			);
			name = Main.storyboard;
			sourceTree = "<group>";
		};
		2831941A27B3D8E600FE58F8 /* LaunchScreen.storyboard */ = {
			isa = PBXVariantGroup;
			children = (
				2831941B27B3D8E600FE58F8 /* Base */,
			);
			name = LaunchScreen.storyboard;
			sourceTree = "<group>";
		};
/* End PBXVariantGroup section */

/* Begin XCBuildConfiguration section */
		2831941E27B3D8E600FE58F8 /* Debug */ = {
			isa = XCBuildConfiguration;
			buildSettings = {
				ALWAYS_SEARCH_USER_PATHS = NO;
				CLANG_ANALYZER_NONNULL = YES;
				CLANG_ANALYZER_NUMBER_OBJECT_CONVERSION = YES_AGGRESSIVE;
				CLANG_CXX_LANGUAGE_STANDARD = "gnu++14";
				CLANG_CXX_LIBRARY = "libc++";
				CLANG_ENABLE_MODULES = YES;
				CLANG_ENABLE_OBJC_ARC = YES;
				CLANG_ENABLE_OBJC_WEAK = YES;
				CLANG_WARN_BLOCK_CAPTURE_AUTORELEASING = YES;
				CLANG_WARN_BOOL_CONVERSION = YES;
				CLANG_WARN_COMMA = YES;
				CLANG_WARN_CONSTANT_CONVERSION = YES;
				CLANG_WARN_DEPRECATED_OBJC_IMPLEMENTATIONS = YES;
				CLANG_WARN_DIRECT_OBJC_ISA_USAGE = YES_ERROR;
				CLANG_WARN_DOCUMENTATION_COMMENTS = YES;
				CLANG_WARN_EMPTY_BODY = YES;
				CLANG_WARN_ENUM_CONVERSION = YES;
				CLANG_WARN_INFINITE_RECURSION = YES;
				CLANG_WARN_INT_CONVERSION = YES;
				CLANG_WARN_NON_LITERAL_NULL_CONVERSION = YES;
				CLANG_WARN_OBJC_IMPLICIT_RETAIN_SELF = YES;
				CLANG_WARN_OBJC_LITERAL_CONVERSION = YES;
				CLANG_WARN_OBJC_ROOT_CLASS = YES_ERROR;
				CLANG_WARN_QUOTED_INCLUDE_IN_FRAMEWORK_HEADER = YES;
				CLANG_WARN_RANGE_LOOP_ANALYSIS = YES;
				CLANG_WARN_STRICT_PROTOTYPES = YES;
				CLANG_WARN_SUSPICIOUS_MOVE = YES;
				CLANG_WARN_UNGUARDED_AVAILABILITY = YES_AGGRESSIVE;
				CLANG_WARN_UNREACHABLE_CODE = YES;
				CLANG_WARN__DUPLICATE_METHOD_MATCH = YES;
				COPY_PHASE_STRIP = NO;
				DEBUG_INFORMATION_FORMAT = dwarf;
				ENABLE_STRICT_OBJC_MSGSEND = YES;
				ENABLE_TESTABILITY = YES;
				GCC_C_LANGUAGE_STANDARD = gnu11;
				GCC_DYNAMIC_NO_PIC = NO;
				GCC_NO_COMMON_BLOCKS = YES;
				GCC_OPTIMIZATION_LEVEL = 0;
				GCC_PREPROCESSOR_DEFINITIONS = (
					"DEBUG=1",
					"$(inherited)",
				);
				GCC_WARN_64_TO_32_BIT_CONVERSION = YES;
				GCC_WARN_ABOUT_RETURN_TYPE = YES_ERROR;
				GCC_WARN_UNDECLARED_SELECTOR = YES;
				GCC_WARN_UNINITIALIZED_AUTOS = YES_AGGRESSIVE;
				GCC_WARN_UNUSED_FUNCTION = YES;
				GCC_WARN_UNUSED_VARIABLE = YES;
				IPHONEOS_DEPLOYMENT_TARGET = 14.4;
				MTL_ENABLE_DEBUG_INFO = INCLUDE_SOURCE;
				MTL_FAST_MATH = YES;
				ONLY_ACTIVE_ARCH = YES;
				SDKROOT = iphoneos;
				SWIFT_ACTIVE_COMPILATION_CONDITIONS = DEBUG;
				SWIFT_OPTIMIZATION_LEVEL = "-Onone";
			};
			name = Debug;
		};
		2831941F27B3D8E600FE58F8 /* Release */ = {
			isa = XCBuildConfiguration;
			buildSettings = {
				ALWAYS_SEARCH_USER_PATHS = NO;
				CLANG_ANALYZER_NONNULL = YES;
				CLANG_ANALYZER_NUMBER_OBJECT_CONVERSION = YES_AGGRESSIVE;
				CLANG_CXX_LANGUAGE_STANDARD = "gnu++14";
				CLANG_CXX_LIBRARY = "libc++";
				CLANG_ENABLE_MODULES = YES;
				CLANG_ENABLE_OBJC_ARC = YES;
				CLANG_ENABLE_OBJC_WEAK = YES;
				CLANG_WARN_BLOCK_CAPTURE_AUTORELEASING = YES;
				CLANG_WARN_BOOL_CONVERSION = YES;
				CLANG_WARN_COMMA = YES;
				CLANG_WARN_CONSTANT_CONVERSION = YES;
				CLANG_WARN_DEPRECATED_OBJC_IMPLEMENTATIONS = YES;
				CLANG_WARN_DIRECT_OBJC_ISA_USAGE = YES_ERROR;
				CLANG_WARN_DOCUMENTATION_COMMENTS = YES;
				CLANG_WARN_EMPTY_BODY = YES;
				CLANG_WARN_ENUM_CONVERSION = YES;
				CLANG_WARN_INFINITE_RECURSION = YES;
				CLANG_WARN_INT_CONVERSION = YES;
				CLANG_WARN_NON_LITERAL_NULL_CONVERSION = YES;
				CLANG_WARN_OBJC_IMPLICIT_RETAIN_SELF = YES;
				CLANG_WARN_OBJC_LITERAL_CONVERSION = YES;
				CLANG_WARN_OBJC_ROOT_CLASS = YES_ERROR;
				CLANG_WARN_QUOTED_INCLUDE_IN_FRAMEWORK_HEADER = YES;
				CLANG_WARN_RANGE_LOOP_ANALYSIS = YES;
				CLANG_WARN_STRICT_PROTOTYPES = YES;
				CLANG_WARN_SUSPICIOUS_MOVE = YES;
				CLANG_WARN_UNGUARDED_AVAILABILITY = YES_AGGRESSIVE;
				CLANG_WARN_UNREACHABLE_CODE = YES;
				CLANG_WARN__DUPLICATE_METHOD_MATCH = YES;
				COPY_PHASE_STRIP = NO;
				DEBUG_INFORMATION_FORMAT = "dwarf-with-dsym";
				ENABLE_NS_ASSERTIONS = NO;
				ENABLE_STRICT_OBJC_MSGSEND = YES;
				GCC_C_LANGUAGE_STANDARD = gnu11;
				GCC_NO_COMMON_BLOCKS = YES;
				GCC_WARN_64_TO_32_BIT_CONVERSION = YES;
				GCC_WARN_ABOUT_RETURN_TYPE = YES_ERROR;
				GCC_WARN_UNDECLARED_SELECTOR = YES;
				GCC_WARN_UNINITIALIZED_AUTOS = YES_AGGRESSIVE;
				GCC_WARN_UNUSED_FUNCTION = YES;
				GCC_WARN_UNUSED_VARIABLE = YES;
				IPHONEOS_DEPLOYMENT_TARGET = 14.4;
				MTL_ENABLE_DEBUG_INFO = NO;
				MTL_FAST_MATH = YES;
				SDKROOT = iphoneos;
				SWIFT_COMPILATION_MODE = wholemodule;
				SWIFT_OPTIMIZATION_LEVEL = "-O";
				VALIDATE_PRODUCT = YES;
			};
			name = Release;
		};
		2831942127B3D8E600FE58F8 /* Debug */ = {
			isa = XCBuildConfiguration;
			baseConfigurationReference = 7757E3067464D57775CE5E44 /* Pods-Social_App.debug.xcconfig */;
			buildSettings = {
				ASSETCATALOG_COMPILER_APPICON_NAME = AppIcon;
				ASSETCATALOG_COMPILER_GLOBAL_ACCENT_COLOR_NAME = AccentColor;
				CODE_SIGN_IDENTITY = "Apple Development";
				CODE_SIGN_STYLE = Automatic;
				DEVELOPMENT_TEAM = 38B2STTTMY;
				INFOPLIST_FILE = Social_App/Info.plist;
				LD_RUNPATH_SEARCH_PATHS = (
					"$(inherited)",
					"@executable_path/Frameworks",
				);
				PRODUCT_BUNDLE_IDENTIFIER = "com.eslam.Social-App";
				PRODUCT_NAME = "$(TARGET_NAME)";
				PROVISIONING_PROFILE_SPECIFIER = "";
				SWIFT_VERSION = 5.0;
				TARGETED_DEVICE_FAMILY = "1,2";
			};
			name = Debug;
		};
		2831942227B3D8E600FE58F8 /* Release */ = {
			isa = XCBuildConfiguration;
			baseConfigurationReference = 401E1D619233F7CB891B1E78 /* Pods-Social_App.release.xcconfig */;
			buildSettings = {
				ASSETCATALOG_COMPILER_APPICON_NAME = AppIcon;
				ASSETCATALOG_COMPILER_GLOBAL_ACCENT_COLOR_NAME = AccentColor;
				CODE_SIGN_IDENTITY = "Apple Development";
				CODE_SIGN_STYLE = Automatic;
				DEVELOPMENT_TEAM = 38B2STTTMY;
				INFOPLIST_FILE = Social_App/Info.plist;
				LD_RUNPATH_SEARCH_PATHS = (
					"$(inherited)",
					"@executable_path/Frameworks",
				);
				PRODUCT_BUNDLE_IDENTIFIER = "com.eslam.Social-App";
				PRODUCT_NAME = "$(TARGET_NAME)";
				PROVISIONING_PROFILE_SPECIFIER = "";
				SWIFT_VERSION = 5.0;
				TARGETED_DEVICE_FAMILY = "1,2";
			};
			name = Release;
		};
/* End XCBuildConfiguration section */

/* Begin XCConfigurationList section */
		2831940427B3D8E500FE58F8 /* Build configuration list for PBXProject "Social_App" */ = {
			isa = XCConfigurationList;
			buildConfigurations = (
				2831941E27B3D8E600FE58F8 /* Debug */,
				2831941F27B3D8E600FE58F8 /* Release */,
			);
			defaultConfigurationIsVisible = 0;
			defaultConfigurationName = Release;
		};
		2831942027B3D8E600FE58F8 /* Build configuration list for PBXNativeTarget "Social_App" */ = {
			isa = XCConfigurationList;
			buildConfigurations = (
				2831942127B3D8E600FE58F8 /* Debug */,
				2831942227B3D8E600FE58F8 /* Release */,
			);
			defaultConfigurationIsVisible = 0;
			defaultConfigurationName = Release;
		};
/* End XCConfigurationList section */

/* Begin XCVersionGroup section */
		2831941527B3D8E500FE58F8 /* Social_App.xcdatamodeld */ = {
			isa = XCVersionGroup;
			children = (
				2831941627B3D8E500FE58F8 /* Social_App.xcdatamodel */,
			);
			currentVersion = 2831941627B3D8E500FE58F8 /* Social_App.xcdatamodel */;
			path = Social_App.xcdatamodeld;
			sourceTree = "<group>";
			versionGroupType = wrapper.xcdatamodel;
		};
/* End XCVersionGroup section */
	};
	rootObject = 2831940127B3D8E500FE58F8 /* Project object */;
}
